dependencies:
- name: sthings-helm-toolkit
  repository: oci://eu.gcr.io/stuttgart-things
  version: 2.4.42
- name: redis
  repository: https://charts.bitnami.com/bitnami
  version: 17.11.6
- name: tekton-resources
  repository: oci://eu.gcr.io/stuttgart-things
  version: v0.47.11
digest: sha256:1d7666b5e53db417a776722436526fdf3d64c55b7df7a0ebe8a06953c0707b9f
generated: "2023-07-12T12:00:40.134899538Z"
